// !$*UTF8*$!
{
	archiveVersion = 1;
	classes = {
	};
	objectVersion = 56;
	objects = {

/* Begin PBXBuildFile section */
		6E76E8CC2B7D085100D04732 /* KluchApp.swift in Sources */ = {isa = PBXBuildFile; fileRef = 6E76E8CB2B7D085100D04732 /* KluchApp.swift */; };
		6E76E8CE2B7D085100D04732 /* ContentView.swift in Sources */ = {isa = PBXBuildFile; fileRef = 6E76E8CD2B7D085100D04732 /* ContentView.swift */; };
		6E76E8D02B7D085200D04732 /* Assets.xcassets in Resources */ = {isa = PBXBuildFile; fileRef = 6E76E8CF2B7D085200D04732 /* Assets.xcassets */; };
		6E76E8D42B7D085200D04732 /* Preview Assets.xcassets in Resources */ = {isa = PBXBuildFile; fileRef = 6E76E8D32B7D085200D04732 /* Preview Assets.xcassets */; };
		6E76E8DE2B7D085200D04732 /* KluchTests.swift in Sources */ = {isa = PBXBuildFile; fileRef = 6E76E8DD2B7D085200D04732 /* KluchTests.swift */; };
		6E76E8E82B7D085200D04732 /* KluchUITests.swift in Sources */ = {isa = PBXBuildFile; fileRef = 6E76E8E72B7D085200D04732 /* KluchUITests.swift */; };
		6E76E8EA2B7D085200D04732 /* KluchUITestsLaunchTests.swift in Sources */ = {isa = PBXBuildFile; fileRef = 6E76E8E92B7D085200D04732 /* KluchUITestsLaunchTests.swift */; };
/* End PBXBuildFile section */

/* Begin PBXContainerItemProxy section */
		6E76E8DA2B7D085200D04732 /* PBXContainerItemProxy */ = {
			isa = PBXContainerItemProxy;
			containerPortal = 6E76E8C02B7D085100D04732 /* Project object */;
			proxyType = 1;
			remoteGlobalIDString = 6E76E8C72B7D085100D04732;
			remoteInfo = Kluch;
		};
		6E76E8E42B7D085200D04732 /* PBXContainerItemProxy */ = {
			isa = PBXContainerItemProxy;
			containerPortal = 6E76E8C02B7D085100D04732 /* Project object */;
			proxyType = 1;
			remoteGlobalIDString = 6E76E8C72B7D085100D04732;
			remoteInfo = Kluch;
		};
/* End PBXContainerItemProxy section */

/* Begin PBXFileReference section */
		6E76E8C82B7D085100D04732 /* Kluch.app */ = {isa = PBXFileReference; explicitFileType = wrapper.application; includeInIndex = 0; path = Kluch.app; sourceTree = BUILT_PRODUCTS_DIR; };
		6E76E8CB2B7D085100D04732 /* KluchApp.swift */ = {isa = PBXFileReference; lastKnownFileType = sourcecode.swift; path = KluchApp.swift; sourceTree = "<group>"; };
		6E76E8CD2B7D085100D04732 /* ContentView.swift */ = {isa = PBXFileReference; lastKnownFileType = sourcecode.swift; path = ContentView.swift; sourceTree = "<group>"; };
		6E76E8CF2B7D085200D04732 /* Assets.xcassets */ = {isa = PBXFileReference; lastKnownFileType = folder.assetcatalog; path = Assets.xcassets; sourceTree = "<group>"; };
		6E76E8D12B7D085200D04732 /* Kluch.entitlements */ = {isa = PBXFileReference; lastKnownFileType = text.plist.entitlements; path = Kluch.entitlements; sourceTree = "<group>"; };
		6E76E8D32B7D085200D04732 /* Preview Assets.xcassets */ = {isa = PBXFileReference; lastKnownFileType = folder.assetcatalog; path = "Preview Assets.xcassets"; sourceTree = "<group>"; };
		6E76E8D92B7D085200D04732 /* KluchTests.xctest */ = {isa = PBXFileReference; explicitFileType = wrapper.cfbundle; includeInIndex = 0; path = KluchTests.xctest; sourceTree = BUILT_PRODUCTS_DIR; };
		6E76E8DD2B7D085200D04732 /* KluchTests.swift */ = {isa = PBXFileReference; lastKnownFileType = sourcecode.swift; path = KluchTests.swift; sourceTree = "<group>"; };
		6E76E8E32B7D085200D04732 /* KluchUITests.xctest */ = {isa = PBXFileReference; explicitFileType = wrapper.cfbundle; includeInIndex = 0; path = KluchUITests.xctest; sourceTree = BUILT_PRODUCTS_DIR; };
		6E76E8E72B7D085200D04732 /* KluchUITests.swift */ = {isa = PBXFileReference; lastKnownFileType = sourcecode.swift; path = KluchUITests.swift; sourceTree = "<group>"; };
		6E76E8E92B7D085200D04732 /* KluchUITestsLaunchTests.swift */ = {isa = PBXFileReference; lastKnownFileType = sourcecode.swift; path = KluchUITestsLaunchTests.swift; sourceTree = "<group>"; };
/* End PBXFileReference section */

/* Begin PBXFrameworksBuildPhase section */
		6E76E8C52B7D085100D04732 /* Frameworks */ = {
			isa = PBXFrameworksBuildPhase;
			buildActionMask = 2147483647;
			files = (
			);
			runOnlyForDeploymentPostprocessing = 0;
		};
		6E76E8D62B7D085200D04732 /* Frameworks */ = {
			isa = PBXFrameworksBuildPhase;
			buildActionMask = 2147483647;
			files = (
			);
			runOnlyForDeploymentPostprocessing = 0;
		};
		6E76E8E02B7D085200D04732 /* Frameworks */ = {
			isa = PBXFrameworksBuildPhase;
			buildActionMask = 2147483647;
			files = (
			);
			runOnlyForDeploymentPostprocessing = 0;
		};
/* End PBXFrameworksBuildPhase section */

/* Begin PBXGroup section */
		6E76E8BF2B7D085100D04732 = {
			isa = PBXGroup;
			children = (
				6E76E8CA2B7D085100D04732 /* Kluch */,
				6E76E8DC2B7D085200D04732 /* KluchTests */,
				6E76E8E62B7D085200D04732 /* KluchUITests */,
				6E76E8C92B7D085100D04732 /* Products */,
			);
			sourceTree = "<group>";
		};
		6E76E8C92B7D085100D04732 /* Products */ = {
			isa = PBXGroup;
			children = (
				6E76E8C82B7D085100D04732 /* Kluch.app */,
				6E76E8D92B7D085200D04732 /* KluchTests.xctest */,
				6E76E8E32B7D085200D04732 /* KluchUITests.xctest */,
			);
			name = Products;
			sourceTree = "<group>";
		};
		6E76E8CA2B7D085100D04732 /* Kluch */ = {
			isa = PBXGroup;
			children = (
				6E76E8CB2B7D085100D04732 /* KluchApp.swift */,
				6E76E8CD2B7D085100D04732 /* ContentView.swift */,
				6E76E8CF2B7D085200D04732 /* Assets.xcassets */,
				6E76E8D12B7D085200D04732 /* Kluch.entitlements */,
				6E76E8D22B7D085200D04732 /* Preview Content */,
			);
			path = Kluch;
			sourceTree = "<group>";
		};
		6E76E8D22B7D085200D04732 /* Preview Content */ = {
			isa = PBXGroup;
			children = (
				6E76E8D32B7D085200D04732 /* Preview Assets.xcassets */,
			);
			path = "Preview Content";
			sourceTree = "<group>";
		};
		6E76E8DC2B7D085200D04732 /* KluchTests */ = {
			isa = PBXGroup;
			children = (
				6E76E8DD2B7D085200D04732 /* KluchTests.swift */,
			);
			path = KluchTests;
			sourceTree = "<group>";
		};
		6E76E8E62B7D085200D04732 /* KluchUITests */ = {
			isa = PBXGroup;
			children = (
				6E76E8E72B7D085200D04732 /* KluchUITests.swift */,
				6E76E8E92B7D085200D04732 /* KluchUITestsLaunchTests.swift */,
			);
			path = KluchUITests;
			sourceTree = "<group>";
		};
/* End PBXGroup section */

/* Begin PBXNativeTarget section */
		6E76E8C72B7D085100D04732 /* Kluch */ = {
			isa = PBXNativeTarget;
			buildConfigurationList = 6E76E8ED2B7D085200D04732 /* Build configuration list for PBXNativeTarget "Kluch" */;
			buildPhases = (
				6E76E8C42B7D085100D04732 /* Sources */,
				6E76E8C52B7D085100D04732 /* Frameworks */,
				6E76E8C62B7D085100D04732 /* Resources */,
			);
			buildRules = (
			);
			dependencies = (
			);
			name = Kluch;
			productName = Kluch;
			productReference = 6E76E8C82B7D085100D04732 /* Kluch.app */;
			productType = "com.apple.product-type.application";
		};
		6E76E8D82B7D085200D04732 /* KluchTests */ = {
			isa = PBXNativeTarget;
			buildConfigurationList = 6E76E8F02B7D085200D04732 /* Build configuration list for PBXNativeTarget "KluchTests" */;
			buildPhases = (
				6E76E8D52B7D085200D04732 /* Sources */,
				6E76E8D62B7D085200D04732 /* Frameworks */,
				6E76E8D72B7D085200D04732 /* Resources */,
			);
			buildRules = (
			);
			dependencies = (
				6E76E8DB2B7D085200D04732 /* PBXTargetDependency */,
			);
			name = KluchTests;
			productName = KluchTests;
			productReference = 6E76E8D92B7D085200D04732 /* KluchTests.xctest */;
			productType = "com.apple.product-type.bundle.unit-test";
		};
		6E76E8E22B7D085200D04732 /* KluchUITests */ = {
			isa = PBXNativeTarget;
			buildConfigurationList = 6E76E8F32B7D085200D04732 /* Build configuration list for PBXNativeTarget "KluchUITests" */;
			buildPhases = (
				6E76E8DF2B7D085200D04732 /* Sources */,
				6E76E8E02B7D085200D04732 /* Frameworks */,
				6E76E8E12B7D085200D04732 /* Resources */,
			);
			buildRules = (
			);
			dependencies = (
				6E76E8E52B7D085200D04732 /* PBXTargetDependency */,
			);
			name = KluchUITests;
			productName = KluchUITests;
			productReference = 6E76E8E32B7D085200D04732 /* KluchUITests.xctest */;
			productType = "com.apple.product-type.bundle.ui-testing";
		};
/* End PBXNativeTarget section */

/* Begin PBXProject section */
		6E76E8C02B7D085100D04732 /* Project object */ = {
			isa = PBXProject;
			attributes = {
				BuildIndependentTargetsInParallel = 1;
				LastSwiftUpdateCheck = 1430;
				LastUpgradeCheck = 1430;
				TargetAttributes = {
					6E76E8C72B7D085100D04732 = {
						CreatedOnToolsVersion = 14.3.1;
					};
					6E76E8D82B7D085200D04732 = {
						CreatedOnToolsVersion = 14.3.1;
						TestTargetID = 6E76E8C72B7D085100D04732;
					};
					6E76E8E22B7D085200D04732 = {
						CreatedOnToolsVersion = 14.3.1;
						TestTargetID = 6E76E8C72B7D085100D04732;
					};
				};
			};
			buildConfigurationList = 6E76E8C32B7D085100D04732 /* Build configuration list for PBXProject "Kluch" */;
			compatibilityVersion = "Xcode 14.0";
			developmentRegion = en;
			hasScannedForEncodings = 0;
			knownRegions = (
				en,
				Base,
			);
			mainGroup = 6E76E8BF2B7D085100D04732;
			productRefGroup = 6E76E8C92B7D085100D04732 /* Products */;
			projectDirPath = "";
			projectRoot = "";
			targets = (
				6E76E8C72B7D085100D04732 /* Kluch */,
				6E76E8D82B7D085200D04732 /* KluchTests */,
				6E76E8E22B7D085200D04732 /* KluchUITests */,
			);
		};
/* End PBXProject section */

/* Begin PBXResourcesBuildPhase section */
		6E76E8C62B7D085100D04732 /* Resources */ = {
			isa = PBXResourcesBuildPhase;
			buildActionMask = 2147483647;
			files = (
				6E76E8D42B7D085200D04732 /* Preview Assets.xcassets in Resources */,
				6E76E8D02B7D085200D04732 /* Assets.xcassets in Resources */,
			);
			runOnlyForDeploymentPostprocessing = 0;
		};
		6E76E8D72B7D085200D04732 /* Resources */ = {
			isa = PBXResourcesBuildPhase;
			buildActionMask = 2147483647;
			files = (
			);
			runOnlyForDeploymentPostprocessing = 0;
		};
		6E76E8E12B7D085200D04732 /* Resources */ = {
			isa = PBXResourcesBuildPhase;
			buildActionMask = 2147483647;
			files = (
			);
			runOnlyForDeploymentPostprocessing = 0;
		};
/* End PBXResourcesBuildPhase section */

/* Begin PBXSourcesBuildPhase section */
		6E76E8C42B7D085100D04732 /* Sources */ = {
			isa = PBXSourcesBuildPhase;
			buildActionMask = 2147483647;
			files = (
				6E76E8CE2B7D085100D04732 /* ContentView.swift in Sources */,
				6E76E8CC2B7D085100D04732 /* KluchApp.swift in Sources */,
			);
			runOnlyForDeploymentPostprocessing = 0;
		};
		6E76E8D52B7D085200D04732 /* Sources */ = {
			isa = PBXSourcesBuildPhase;
			buildActionMask = 2147483647;
			files = (
				6E76E8DE2B7D085200D04732 /* KluchTests.swift in Sources */,
			);
			runOnlyForDeploymentPostprocessing = 0;
		};
		6E76E8DF2B7D085200D04732 /* Sources */ = {
			isa = PBXSourcesBuildPhase;
			buildActionMask = 2147483647;
			files = (
				6E76E8EA2B7D085200D04732 /* KluchUITestsLaunchTests.swift in Sources */,
				6E76E8E82B7D085200D04732 /* KluchUITests.swift in Sources */,
			);
			runOnlyForDeploymentPostprocessing = 0;
		};
/* End PBXSourcesBuildPhase section */

/* Begin PBXTargetDependency section */
		6E76E8DB2B7D085200D04732 /* PBXTargetDependency */ = {
			isa = PBXTargetDependency;
			target = 6E76E8C72B7D085100D04732 /* Kluch */;
			targetProxy = 6E76E8DA2B7D085200D04732 /* PBXContainerItemProxy */;
		};
		6E76E8E52B7D085200D04732 /* PBXTargetDependency */ = {
			isa = PBXTargetDependency;
			target = 6E76E8C72B7D085100D04732 /* Kluch */;
			targetProxy = 6E76E8E42B7D085200D04732 /* PBXContainerItemProxy */;
		};
/* End PBXTargetDependency section */

/* Begin XCBuildConfiguration section */
		6E76E8EB2B7D085200D04732 /* Debug */ = {
			isa = XCBuildConfiguration;
			buildSettings = {
				ALWAYS_SEARCH_USER_PATHS = NO;
				CLANG_ANALYZER_NONNULL = YES;
				CLANG_ANALYZER_NUMBER_OBJECT_CONVERSION = YES_AGGRESSIVE;
				CLANG_CXX_LANGUAGE_STANDARD = "gnu++20";
				CLANG_ENABLE_MODULES = YES;
				CLANG_ENABLE_OBJC_ARC = YES;
				CLANG_ENABLE_OBJC_WEAK = YES;
				CLANG_WARN_BLOCK_CAPTURE_AUTORELEASING = YES;
				CLANG_WARN_BOOL_CONVERSION = YES;
				CLANG_WARN_COMMA = YES;
				CLANG_WARN_CONSTANT_CONVERSION = YES;
				CLANG_WARN_DEPRECATED_OBJC_IMPLEMENTATIONS = YES;
				CLANG_WARN_DIRECT_OBJC_ISA_USAGE = YES_ERROR;
				CLANG_WARN_DOCUMENTATION_COMMENTS = YES;
				CLANG_WARN_EMPTY_BODY = YES;
				CLANG_WARN_ENUM_CONVERSION = YES;
				CLANG_WARN_INFINITE_RECURSION = YES;
				CLANG_WARN_INT_CONVERSION = YES;
				CLANG_WARN_NON_LITERAL_NULL_CONVERSION = YES;
				CLANG_WARN_OBJC_IMPLICIT_RETAIN_SELF = YES;
				CLANG_WARN_OBJC_LITERAL_CONVERSION = YES;
				CLANG_WARN_OBJC_ROOT_CLASS = YES_ERROR;
				CLANG_WARN_QUOTED_INCLUDE_IN_FRAMEWORK_HEADER = YES;
				CLANG_WARN_RANGE_LOOP_ANALYSIS = YES;
				CLANG_WARN_STRICT_PROTOTYPES = YES;
				CLANG_WARN_SUSPICIOUS_MOVE = YES;
				CLANG_WARN_UNGUARDED_AVAILABILITY = YES_AGGRESSIVE;
				CLANG_WARN_UNREACHABLE_CODE = YES;
				CLANG_WARN__DUPLICATE_METHOD_MATCH = YES;
				COPY_PHASE_STRIP = NO;
				DEBUG_INFORMATION_FORMAT = dwarf;
				ENABLE_STRICT_OBJC_MSGSEND = YES;
				ENABLE_TESTABILITY = YES;
				GCC_C_LANGUAGE_STANDARD = gnu11;
				GCC_DYNAMIC_NO_PIC = NO;
				GCC_NO_COMMON_BLOCKS = YES;
				GCC_OPTIMIZATION_LEVEL = 0;
				GCC_PREPROCESSOR_DEFINITIONS = (
					"DEBUG=1",
					"$(inherited)",
				);
				GCC_WARN_64_TO_32_BIT_CONVERSION = YES;
				GCC_WARN_ABOUT_RETURN_TYPE = YES_ERROR;
				GCC_WARN_UNDECLARED_SELECTOR = YES;
				GCC_WARN_UNINITIALIZED_AUTOS = YES_AGGRESSIVE;
				GCC_WARN_UNUSED_FUNCTION = YES;
				GCC_WARN_UNUSED_VARIABLE = YES;
				MTL_ENABLE_DEBUG_INFO = INCLUDE_SOURCE;
				MTL_FAST_MATH = YES;
				ONLY_ACTIVE_ARCH = YES;
				SWIFT_ACTIVE_COMPILATION_CONDITIONS = DEBUG;
				SWIFT_OPTIMIZATION_LEVEL = "-Onone";
			};
			name = Debug;
		};
		6E76E8EC2B7D085200D04732 /* Release */ = {
			isa = XCBuildConfiguration;
			buildSettings = {
				ALWAYS_SEARCH_USER_PATHS = NO;
				CLANG_ANALYZER_NONNULL = YES;
				CLANG_ANALYZER_NUMBER_OBJECT_CONVERSION = YES_AGGRESSIVE;
				CLANG_CXX_LANGUAGE_STANDARD = "gnu++20";
				CLANG_ENABLE_MODULES = YES;
				CLANG_ENABLE_OBJC_ARC = YES;
				CLANG_ENABLE_OBJC_WEAK = YES;
				CLANG_WARN_BLOCK_CAPTURE_AUTORELEASING = YES;
				CLANG_WARN_BOOL_CONVERSION = YES;
				CLANG_WARN_COMMA = YES;
				CLANG_WARN_CONSTANT_CONVERSION = YES;
				CLANG_WARN_DEPRECATED_OBJC_IMPLEMENTATIONS = YES;
				CLANG_WARN_DIRECT_OBJC_ISA_USAGE = YES_ERROR;
				CLANG_WARN_DOCUMENTATION_COMMENTS = YES;
				CLANG_WARN_EMPTY_BODY = YES;
				CLANG_WARN_ENUM_CONVERSION = YES;
				CLANG_WARN_INFINITE_RECURSION = YES;
				CLANG_WARN_INT_CONVERSION = YES;
				CLANG_WARN_NON_LITERAL_NULL_CONVERSION = YES;
				CLANG_WARN_OBJC_IMPLICIT_RETAIN_SELF = YES;
				CLANG_WARN_OBJC_LITERAL_CONVERSION = YES;
				CLANG_WARN_OBJC_ROOT_CLASS = YES_ERROR;
				CLANG_WARN_QUOTED_INCLUDE_IN_FRAMEWORK_HEADER = YES;
				CLANG_WARN_RANGE_LOOP_ANALYSIS = YES;
				CLANG_WARN_STRICT_PROTOTYPES = YES;
				CLANG_WARN_SUSPICIOUS_MOVE = YES;
				CLANG_WARN_UNGUARDED_AVAILABILITY = YES_AGGRESSIVE;
				CLANG_WARN_UNREACHABLE_CODE = YES;
				CLANG_WARN__DUPLICATE_METHOD_MATCH = YES;
				COPY_PHASE_STRIP = NO;
				DEBUG_INFORMATION_FORMAT = "dwarf-with-dsym";
				ENABLE_NS_ASSERTIONS = NO;
				ENABLE_STRICT_OBJC_MSGSEND = YES;
				GCC_C_LANGUAGE_STANDARD = gnu11;
				GCC_NO_COMMON_BLOCKS = YES;
				GCC_WARN_64_TO_32_BIT_CONVERSION = YES;
				GCC_WARN_ABOUT_RETURN_TYPE = YES_ERROR;
				GCC_WARN_UNDECLARED_SELECTOR = YES;
				GCC_WARN_UNINITIALIZED_AUTOS = YES_AGGRESSIVE;
				GCC_WARN_UNUSED_FUNCTION = YES;
				GCC_WARN_UNUSED_VARIABLE = YES;
				MTL_ENABLE_DEBUG_INFO = NO;
				MTL_FAST_MATH = YES;
				SWIFT_COMPILATION_MODE = wholemodule;
				SWIFT_OPTIMIZATION_LEVEL = "-O";
			};
			name = Release;
		};
		6E76E8EE2B7D085200D04732 /* Debug */ = {
			isa = XCBuildConfiguration;
			buildSettings = {
				ASSETCATALOG_COMPILER_APPICON_NAME = AppIcon;
				ASSETCATALOG_COMPILER_GLOBAL_ACCENT_COLOR_NAME = AccentColor;
				CODE_SIGN_ENTITLEMENTS = Kluch/Kluch.entitlements;
				CODE_SIGN_STYLE = Automatic;
				CURRENT_PROJECT_VERSION = 1;
				DEVELOPMENT_ASSET_PATHS = "\"Kluch/Preview Content\"";
				DEVELOPMENT_TEAM = 59D3872DX3;
				ENABLE_HARDENED_RUNTIME = YES;
				ENABLE_PREVIEWS = YES;
				GENERATE_INFOPLIST_FILE = YES;
				"INFOPLIST_KEY_UIApplicationSceneManifest_Generation[sdk=iphoneos*]" = YES;
				"INFOPLIST_KEY_UIApplicationSceneManifest_Generation[sdk=iphonesimulator*]" = YES;
				"INFOPLIST_KEY_UIApplicationSupportsIndirectInputEvents[sdk=iphoneos*]" = YES;
				"INFOPLIST_KEY_UIApplicationSupportsIndirectInputEvents[sdk=iphonesimulator*]" = YES;
				"INFOPLIST_KEY_UILaunchScreen_Generation[sdk=iphoneos*]" = YES;
				"INFOPLIST_KEY_UILaunchScreen_Generation[sdk=iphonesimulator*]" = YES;
				"INFOPLIST_KEY_UIStatusBarStyle[sdk=iphoneos*]" = UIStatusBarStyleDefault;
				"INFOPLIST_KEY_UIStatusBarStyle[sdk=iphonesimulator*]" = UIStatusBarStyleDefault;
				INFOPLIST_KEY_UISupportedInterfaceOrientations_iPad = "UIInterfaceOrientationPortrait UIInterfaceOrientationPortraitUpsideDown UIInterfaceOrientationLandscapeLeft UIInterfaceOrientationLandscapeRight";
				INFOPLIST_KEY_UISupportedInterfaceOrientations_iPhone = "UIInterfaceOrientationPortrait UIInterfaceOrientationLandscapeLeft UIInterfaceOrientationLandscapeRight";
				IPHONEOS_DEPLOYMENT_TARGET = 16.4;
				LD_RUNPATH_SEARCH_PATHS = "@executable_path/Frameworks";
				"LD_RUNPATH_SEARCH_PATHS[sdk=macosx*]" = "@executable_path/../Frameworks";
				MACOSX_DEPLOYMENT_TARGET = 13.3;
				MARKETING_VERSION = 1.0;
				PRODUCT_BUNDLE_IDENTIFIER = IvanDosev.Kluch;
				PRODUCT_NAME = "$(TARGET_NAME)";
				SDKROOT = auto;
				SUPPORTED_PLATFORMS = "iphoneos iphonesimulator macosx";
				SWIFT_EMIT_LOC_STRINGS = YES;
				SWIFT_VERSION = 5.0;
				TARGETED_DEVICE_FAMILY = "1,2";
			};
			name = Debug;
		};
		6E76E8EF2B7D085200D04732 /* Release */ = {
			isa = XCBuildConfiguration;
			buildSettings = {
				ASSETCATALOG_COMPILER_APPICON_NAME = AppIcon;
				ASSETCATALOG_COMPILER_GLOBAL_ACCENT_COLOR_NAME = AccentColor;
				CODE_SIGN_ENTITLEMENTS = Kluch/Kluch.entitlements;
				CODE_SIGN_STYLE = Automatic;
				CURRENT_PROJECT_VERSION = 1;
				DEVELOPMENT_ASSET_PATHS = "\"Kluch/Preview Content\"";
				DEVELOPMENT_TEAM = 59D3872DX3;
				ENABLE_HARDENED_RUNTIME = YES;
				ENABLE_PREVIEWS = YES;
				GENERATE_INFOPLIST_FILE = YES;
				"INFOPLIST_KEY_UIApplicationSceneManifest_Generation[sdk=iphoneos*]" = YES;
				"INFOPLIST_KEY_UIApplicationSceneManifest_Generation[sdk=iphonesimulator*]" = YES;
				"INFOPLIST_KEY_UIApplicationSupportsIndirectInputEvents[sdk=iphoneos*]" = YES;
				"INFOPLIST_KEY_UIApplicationSupportsIndirectInputEvents[sdk=iphonesimulator*]" = YES;
				"INFOPLIST_KEY_UILaunchScreen_Generation[sdk=iphoneos*]" = YES;
				"INFOPLIST_KEY_UILaunchScreen_Generation[sdk=iphonesimulator*]" = YES;
				"INFOPLIST_KEY_UIStatusBarStyle[sdk=iphoneos*]" = UIStatusBarStyleDefault;
				"INFOPLIST_KEY_UIStatusBarStyle[sdk=iphonesimulator*]" = UIStatusBarStyleDefault;
				INFOPLIST_KEY_UISupportedInterfaceOrientations_iPad = "UIInterfaceOrientationPortrait UIInterfaceOrientationPortraitUpsideDown UIInterfaceOrientationLandscapeLeft UIInterfaceOrientationLandscapeRight";
				INFOPLIST_KEY_UISupportedInterfaceOrientations_iPhone = "UIInterfaceOrientationPortrait UIInterfaceOrientationLandscapeLeft UIInterfaceOrientationLandscapeRight";
				IPHONEOS_DEPLOYMENT_TARGET = 16.4;
				LD_RUNPATH_SEARCH_PATHS = "@executable_path/Frameworks";
				"LD_RUNPATH_SEARCH_PATHS[sdk=macosx*]" = "@executable_path/../Frameworks";
				MACOSX_DEPLOYMENT_TARGET = 13.3;
				MARKETING_VERSION = 1.0;
				PRODUCT_BUNDLE_IDENTIFIER = IvanDosev.Kluch;
				PRODUCT_NAME = "$(TARGET_NAME)";
				SDKROOT = auto;
				SUPPORTED_PLATFORMS = "iphoneos iphonesimulator macosx";
				SWIFT_EMIT_LOC_STRINGS = YES;
				SWIFT_VERSION = 5.0;
				TARGETED_DEVICE_FAMILY = "1,2";
			};
			name = Release;
		};
		6E76E8F12B7D085200D04732 /* Debug */ = {
			isa = XCBuildConfiguration;
			buildSettings = {
				ALWAYS_EMBED_SWIFT_STANDARD_LIBRARIES = YES;
				BUNDLE_LOADER = "$(TEST_HOST)";
				CODE_SIGN_STYLE = Automatic;
				CURRENT_PROJECT_VERSION = 1;
				DEVELOPMENT_TEAM = 59D3872DX3;
				GENERATE_INFOPLIST_FILE = YES;
				IPHONEOS_DEPLOYMENT_TARGET = 16.4;
				MACOSX_DEPLOYMENT_TARGET = 13.3;
				MARKETING_VERSION = 1.0;
				PRODUCT_BUNDLE_IDENTIFIER = IvanDosev.KluchTests;
				PRODUCT_NAME = "$(TARGET_NAME)";
				SDKROOT = auto;
				SUPPORTED_PLATFORMS = "iphoneos iphonesimulator macosx";
				SWIFT_EMIT_LOC_STRINGS = NO;
				SWIFT_VERSION = 5.0;
				TARGETED_DEVICE_FAMILY = "1,2";
				TEST_HOST = "$(BUILT_PRODUCTS_DIR)/Kluch.app/$(BUNDLE_EXECUTABLE_FOLDER_PATH)/Kluch";
			};
			name = Debug;
		};
		6E76E8F22B7D085200D04732 /* Release */ = {
			isa = XCBuildConfiguration;
			buildSettings = {
				ALWAYS_EMBED_SWIFT_STANDARD_LIBRARIES = YES;
				BUNDLE_LOADER = "$(TEST_HOST)";
				CODE_SIGN_STYLE = Automatic;
				CURRENT_PROJECT_VERSION = 1;
				DEVELOPMENT_TEAM = 59D3872DX3;
				GENERATE_INFOPLIST_FILE = YES;
				IPHONEOS_DEPLOYMENT_TARGET = 16.4;
				MACOSX_DEPLOYMENT_TARGET = 13.3;
				MARKETING_VERSION = 1.0;
				PRODUCT_BUNDLE_IDENTIFIER = IvanDosev.KluchTests;
				PRODUCT_NAME = "$(TARGET_NAME)";
				SDKROOT = auto;
				SUPPORTED_PLATFORMS = "iphoneos iphonesimulator macosx";
				SWIFT_EMIT_LOC_STRINGS = NO;
				SWIFT_VERSION = 5.0;
				TARGETED_DEVICE_FAMILY = "1,2";
				TEST_HOST = "$(BUILT_PRODUCTS_DIR)/Kluch.app/$(BUNDLE_EXECUTABLE_FOLDER_PATH)/Kluch";
			};
			name = Release;
		};
		6E76E8F42B7D085200D04732 /* Debug */ = {
			isa = XCBuildConfiguration;
			buildSettings = {
				ALWAYS_EMBED_SWIFT_STANDARD_LIBRARIES = YES;
				CODE_SIGN_STYLE = Automatic;
				CURRENT_PROJECT_VERSION = 1;
				DEVELOPMENT_TEAM = 59D3872DX3;
				GENERATE_INFOPLIST_FILE = YES;
				IPHONEOS_DEPLOYMENT_TARGET = 16.4;
				MACOSX_DEPLOYMENT_TARGET = 13.3;
				MARKETING_VERSION = 1.0;
				PRODUCT_BUNDLE_IDENTIFIER = IvanDosev.KluchUITests;
				PRODUCT_NAME = "$(TARGET_NAME)";
				SDKROOT = auto;
				SUPPORTED_PLATFORMS = "iphoneos iphonesimulator macosx";
				SWIFT_EMIT_LOC_STRINGS = NO;
				SWIFT_VERSION = 5.0;
				TARGETED_DEVICE_FAMILY = "1,2";
				TEST_TARGET_NAME = Kluch;
			};
			name = Debug;
		};
		6E76E8F52B7D085200D04732 /* Release */ = {
			isa = XCBuildConfiguration;
			buildSettings = {
				ALWAYS_EMBED_SWIFT_STANDARD_LIBRARIES = YES;
				CODE_SIGN_STYLE = Automatic;
				CURRENT_PROJECT_VERSION = 1;
				DEVELOPMENT_TEAM = 59D3872DX3;
				GENERATE_INFOPLIST_FILE = YES;
				IPHONEOS_DEPLOYMENT_TARGET = 16.4;
				MACOSX_DEPLOYMENT_TARGET = 13.3;
				MARKETING_VERSION = 1.0;
				PRODUCT_BUNDLE_IDENTIFIER = IvanDosev.KluchUITests;
				PRODUCT_NAME = "$(TARGET_NAME)";
				SDKROOT = auto;
				SUPPORTED_PLATFORMS = "iphoneos iphonesimulator macosx";
				SWIFT_EMIT_LOC_STRINGS = NO;
				SWIFT_VERSION = 5.0;
				TARGETED_DEVICE_FAMILY = "1,2";
				TEST_TARGET_NAME = Kluch;
			};
			name = Release;
		};
/* End XCBuildConfiguration section */

/* Begin XCConfigurationList section */
		6E76E8C32B7D085100D04732 /* Build configuration list for PBXProject "Kluch" */ = {
			isa = XCConfigurationList;
			buildConfigurations = (
				6E76E8EB2B7D085200D04732 /* Debug */,
				6E76E8EC2B7D085200D04732 /* Release */,
			);
			defaultConfigurationIsVisible = 0;
			defaultConfigurationName = Release;
		};
		6E76E8ED2B7D085200D04732 /* Build configuration list for PBXNativeTarget "Kluch" */ = {
			isa = XCConfigurationList;
			buildConfigurations = (
				6E76E8EE2B7D085200D04732 /* Debug */,
				6E76E8EF2B7D085200D04732 /* Release */,
			);
			defaultConfigurationIsVisible = 0;
			defaultConfigurationName = Release;
		};
		6E76E8F02B7D085200D04732 /* Build configuration list for PBXNativeTarget "KluchTests" */ = {
			isa = XCConfigurationList;
			buildConfigurations = (
				6E76E8F12B7D085200D04732 /* Debug */,
				6E76E8F22B7D085200D04732 /* Release */,
			);
			defaultConfigurationIsVisible = 0;
			defaultConfigurationName = Release;
		};
		6E76E8F32B7D085200D04732 /* Build configuration list for PBXNativeTarget "KluchUITests" */ = {
			isa = XCConfigurationList;
			buildConfigurations = (
				6E76E8F42B7D085200D04732 /* Debug */,
				6E76E8F52B7D085200D04732 /* Release */,
			);
			defaultConfigurationIsVisible = 0;
			defaultConfigurationName = Release;
		};
/* End XCConfigurationList section */
	};
	rootObject = 6E76E8C02B7D085100D04732 /* Project object */;
}
